{
  "name": "my-awesome-project",
  "version": "1.0.0",
  "lockfileVersion": 2,
  "requires": true,
  "packages": {
    "@node_modules/dotenv": {
      "version": "16.0.3",
      "resolved": "https://registry.npmjs.org/dotenv/-/dotenv-16.0.3.tgz",
      "integrity": "sha512-...",
      "dev": false
    },
    "@node_modules/eslint": {
      "version": "8.49.0",
      "resolved": "https://registry.npmjs.org/eslint/-/eslint-8.49.0.tgz",
      "integrity": "sha512-...",
      "dev": true
    },
    "@node_modules/express": {
      "version": "4.18.2",
      "resolved": "https://registry.npmjs.org/express/-/express-4.18.2.tgz",
      "integrity": "sha512-...",
      "dependencies": {
        "body-parser": "1.19.0",
        "cookie-parser": "1.4.6",
        "debug": "2.6.9"
      }
    },
    "node_modules/jest": {
      "version": "29.0.3",
      "resolved": "https://registry.npmjs.org/jest/-/jest-29.0.3.tgz",
      "integrity": "sha512-...",
      "dev": true
    },
    "node_modules/webpack": {
      "version": "5.89.0",
      "resolved": "https://registry.npmjs.org/webpack/-/webpack-5.89.0.tgz",
      "integrity": "sha512-...",
      "dependencies": {
        "webpack-cli": "^5.0.2"
      },
      "dev": true
    },
    "node_modules/webpack-cli": {
      "version": "5.0.2",
      "resolved": "https://registry.npmjs.org/webpack-cli/-/webpack-cli-5.0.2.tgz",
      "integrity": "sha512-...",
      "dev": true
    }
  },
  "dependencies": {
    "dotenv": {
      "version": "16.0.3",
      "resolved": "https://registry.npmjs.org/dotenv/-/dotenv-16.0.3.tgz",
      "integrity": "sha512-..."
    },
    "eslint": {
      "version": "8.49.0",
      "resolved": "https://registry.npmjs.org/eslint/-/eslint-8.49.0.tgz",
      "integrity": "sha512-...",
      "dev": true
    },
    "express": {
      "version": "4.18.2",
      "resolved": "https://registry.npmjs.org/express/-/express-4.18.2.tgz",
      "integrity": "sha512-..."
    },
    "jest": {
      "version": "29.0.3",
      "resolved": "https://registry.npmjs.org/jest/-/jest-29.0.3.tgz",
      "integrity": "sha512-...",
      "dev": true
    },
    "webpack": {
      "version": "5.89.0",
      "resolved": "https://registry.npmjs.org/webpack/-/webpack-5.89.0.tgz",
      "integrity": "sha512-...",
      "dev": true
    },
    "webpack-cli": {
      "version": "5.0.2",
      "resolved": "https://registry.npmjs.org/webpack-cli/-/webpack-cli-5.0.2.tgz",
      "integrity": "sha512-...",
      "dev": true
    }
  }
}

